
Microsoft Visual Studio Solution File, Format Version 12.00
# Visual Studio 15
VisualStudioVersion = 15.0.28010.2003
MinimumVisualStudioVersion = 10.0.40219.1
Project("{FAE04EC0-301F-11D3-BF4B-00C04F79EFBC}") = "YeshivaWorldNews.Data", "YeshivaWorldNews.Data\YeshivaWorldNews.Data.csproj", "{37522639-BFD8-4C8F-B87C-77FD74B1369A}"
EndProject
Project("{FAE04EC0-301F-11D3-BF4B-00C04F79EFBC}") = "YeshivaWorldNews.Web", "YeshivaWorldNews.Web\YeshivaWorldNews.Web.csproj", "{D6380A4B-425A-4F3C-91F5-969FD9427CEE}"
EndProject
Global
	GlobalSection(SolutionConfigurationPlatforms) = preSolution
		Debug|Any CPU = Debug|Any CPU
		Release|Any CPU = Release|Any CPU
	EndGlobalSection
	GlobalSection(ProjectConfigurationPlatforms) = postSolution
		{37522639-BFD8-4C8F-B87C-77FD74B1369A}.Debug|Any CPU.ActiveCfg = Debug|Any CPU
		{37522639-BFD8-4C8F-B87C-77FD74B1369A}.Debug|Any CPU.Build.0 = Debug|Any CPU
		{37522639-BFD8-4C8F-B87C-77FD74B1369A}.Release|Any CPU.ActiveCfg = Release|Any CPU
		{37522639-BFD8-4C8F-B87C-77FD74B1369A}.Release|Any CPU.Build.0 = Release|Any CPU
		{D6380A4B-425A-4F3C-91F5-969FD9427CEE}.Debug|Any CPU.ActiveCfg = Debug|Any CPU
		{D6380A4B-425A-4F3C-91F5-969FD9427CEE}.Debug|Any CPU.Build.0 = Debug|Any CPU
		{D6380A4B-425A-4F3C-91F5-969FD9427CEE}.Release|Any CPU.ActiveCfg = Release|Any CPU
		{D6380A4B-425A-4F3C-91F5-969FD9427CEE}.Release|Any CPU.Build.0 = Release|Any CPU
	EndGlobalSection
	GlobalSection(SolutionProperties) = preSolution
		HideSolutionNode = FALSE
	EndGlobalSection
	GlobalSection(ExtensibilityGlobals) = postSolution
		SolutionGuid = {A0820CF1-7337-409B-9728-7D40378231C9}
	EndGlobalSection
EndGlobal
